
Microsoft Visual Studio Solution File, Format Version 12.00
# Visual Studio Version 16
VisualStudioVersion = 16.0.31410.357
MinimumVisualStudioVersion = 10.0.40219.1
Project("{FAE04EC0-301F-11D3-BF4B-00C04F79EFBC}") = "TestAppLibrary", "TestAppLibrary\TestAppLibrary.csproj", "{296D9535-CE40-4609-B471-07E21075F303}"
EndProject
Project("{FAE04EC0-301F-11D3-BF4B-00C04F79EFBC}") = "TestApp", "TestApp\TestApp.csproj", "{F89999F7-62EC-4E23-8034-34C529FEF8F6}"
EndProject
Global
	GlobalSection(SolutionConfigurationPlatforms) = preSolution
		Debug|Any CPU = Debug|Any CPU
		Release|Any CPU = Release|Any CPU
	EndGlobalSection
	GlobalSection(ProjectConfigurationPlatforms) = postSolution
		{296D9535-CE40-4609-B471-07E21075F303}.Debug|Any CPU.ActiveCfg = Debug|Any CPU
		{296D9535-CE40-4609-B471-07E21075F303}.Debug|Any CPU.Build.0 = Debug|Any CPU
		{296D9535-CE40-4609-B471-07E21075F303}.Release|Any CPU.ActiveCfg = Release|Any CPU
		{296D9535-CE40-4609-B471-07E21075F303}.Release|Any CPU.Build.0 = Release|Any CPU
		{F89999F7-62EC-4E23-8034-34C529FEF8F6}.Debug|Any CPU.ActiveCfg = Debug|Any CPU
		{F89999F7-62EC-4E23-8034-34C529FEF8F6}.Debug|Any CPU.Build.0 = Debug|Any CPU
		{F89999F7-62EC-4E23-8034-34C529FEF8F6}.Release|Any CPU.ActiveCfg = Release|Any CPU
		{F89999F7-62EC-4E23-8034-34C529FEF8F6}.Release|Any CPU.Build.0 = Release|Any CPU
	EndGlobalSection
	GlobalSection(SolutionProperties) = preSolution
		HideSolutionNode = FALSE
	EndGlobalSection
	GlobalSection(ExtensibilityGlobals) = postSolution
		SolutionGuid = {9C769014-E0DE-4F27-902F-F770AC515D5C}
	EndGlobalSection
EndGlobal
